
Microsoft Visual Studio Solution File, Format Version 12.00
# Visual Studio 15
VisualStudioVersion = 15.0.26730.10
MinimumVisualStudioVersion = 10.0.40219.1
Project("{FAE04EC0-301F-11D3-BF4B-00C04F79EFBC}") = "Server", "Server\Server.csproj", "{60C3C400-4E11-4188-BD65-D98AEC347877}"
EndProject
Project("{FAE04EC0-301F-11D3-BF4B-00C04F79EFBC}") = "Client", "Client\Client.csproj", "{3CFE1AAD-75B8-47D3-943A-254E6A3FE70C}"
EndProject
Global
	GlobalSection(SolutionConfigurationPlatforms) = preSolution
		Debug|Any CPU = Debug|Any CPU
		Release|Any CPU = Release|Any CPU
	EndGlobalSection
	GlobalSection(ProjectConfigurationPlatforms) = postSolution
		{60C3C400-4E11-4188-BD65-D98AEC347877}.Debug|Any CPU.ActiveCfg = Debug|Any CPU
		{60C3C400-4E11-4188-BD65-D98AEC347877}.Debug|Any CPU.Build.0 = Debug|Any CPU
		{60C3C400-4E11-4188-BD65-D98AEC347877}.Release|Any CPU.ActiveCfg = Release|Any CPU
		{60C3C400-4E11-4188-BD65-D98AEC347877}.Release|Any CPU.Build.0 = Release|Any CPU
		{3CFE1AAD-75B8-47D3-943A-254E6A3FE70C}.Debug|Any CPU.ActiveCfg = Debug|Any CPU
		{3CFE1AAD-75B8-47D3-943A-254E6A3FE70C}.Debug|Any CPU.Build.0 = Debug|Any CPU
		{3CFE1AAD-75B8-47D3-943A-254E6A3FE70C}.Release|Any CPU.ActiveCfg = Release|Any CPU
		{3CFE1AAD-75B8-47D3-943A-254E6A3FE70C}.Release|Any CPU.Build.0 = Release|Any CPU
	EndGlobalSection
	GlobalSection(SolutionProperties) = preSolution
		HideSolutionNode = FALSE
	EndGlobalSection
	GlobalSection(ExtensibilityGlobals) = postSolution
		SolutionGuid = {EB018F4F-DC5B-4AF7-9925-6941263C9723}
	EndGlobalSection
EndGlobal
